
Microsoft Visual Studio Solution File, Format Version 12.00
Project("{2150E333-8FDC-42A3-9474-1A3956D46DE8}") = "OrderMicroservice", "OrderMicroservice", "{29B38163-002B-4148-B8C7-8BC45E251256}"
EndProject
Project("{FAE04EC0-301F-11D3-BF4B-00C04F79EFBC}") = "OrderAPI", "OrderAPI\OrderAPI.csproj", "{A7AF3B53-E53E-4924-B330-E930E897D7F0}"
EndProject
Project("{FAE04EC0-301F-11D3-BF4B-00C04F79EFBC}") = "OrderAPI.ApplicationCore", "OrderAPI.ApplicationCore\OrderAPI.ApplicationCore.csproj", "{E5FCD875-C120-4D8C-A182-6A1036B797F8}"
EndProject
Project("{FAE04EC0-301F-11D3-BF4B-00C04F79EFBC}") = "OrderAPI.Infrastructure", "OrderAPI.Infrastructure\OrderAPI.Infrastructure.csproj", "{CF998F9E-6D0F-4A10-B475-CA5A3145041D}"
EndProject
Project("{2150E333-8FDC-42A3-9474-1A3956D46DE8}") = "ProductMicroservice", "ProductMicroservice", "{08AE6C77-03E3-4813-8E23-3ED742BEFEED}"
EndProject
Project("{FAE04EC0-301F-11D3-BF4B-00C04F79EFBC}") = "ProductAPI", "ProductAPI\ProductAPI.csproj", "{2A8C74DC-4696-4CEB-BCC3-7869A52620FE}"
EndProject
Project("{FAE04EC0-301F-11D3-BF4B-00C04F79EFBC}") = "ProductAPI.ApplicationCore", "ProductAPI.ApplicationCore\ProductAPI.ApplicationCore.csproj", "{5650CFD2-C03A-4A2C-836C-4A623850053C}"
EndProject
Project("{FAE04EC0-301F-11D3-BF4B-00C04F79EFBC}") = "ProductAPI.Infrastructure", "ProductAPI.Infrastructure\ProductAPI.Infrastructure.csproj", "{D002A6FA-9FAC-4B3F-A6C5-09E6AF612DC7}"
EndProject
Project("{2150E333-8FDC-42A3-9474-1A3956D46DE8}") = "ShippingMicroservice", "ShippingMicroservice", "{E0F6DE17-7CBF-4FF1-A927-F355A47B692B}"
EndProject
Project("{FAE04EC0-301F-11D3-BF4B-00C04F79EFBC}") = "ShippingAPI", "ShippingAPI\ShippingAPI.csproj", "{85015685-B341-4B4A-847C-862EEDDE12ED}"
EndProject
Project("{FAE04EC0-301F-11D3-BF4B-00C04F79EFBC}") = "ShippingAPI.ApplicationCore", "ShippingAPI.ApplicationCore\ShippingAPI.ApplicationCore.csproj", "{9D6EA356-4ACB-4141-91F6-8F5E0EA34DDD}"
EndProject
Project("{FAE04EC0-301F-11D3-BF4B-00C04F79EFBC}") = "ShippingAPI.Infrastructure", "ShippingAPI.Infrastructure\ShippingAPI.Infrastructure.csproj", "{FD6CD5D0-CD69-472F-8C50-81229E68BA6C}"
EndProject
Project("{2150E333-8FDC-42A3-9474-1A3956D46DE8}") = "ReviewsMicroservice", "ReviewsMicroservice", "{1BF5A5CF-63CE-4B57-9A70-557130FFD27A}"
EndProject
Project("{FAE04EC0-301F-11D3-BF4B-00C04F79EFBC}") = "ReviewsAPI", "ReviewsAPI\ReviewsAPI.csproj", "{DE027F3D-5847-4CED-9588-1D9D8F7B2026}"
EndProject
Project("{FAE04EC0-301F-11D3-BF4B-00C04F79EFBC}") = "ReviewsAPI.ApplicationCore", "ReviewsAPI.ApplicationCore\ReviewsAPI.ApplicationCore.csproj", "{93E73EF8-95FB-455B-A747-EEC252A328AD}"
EndProject
Project("{FAE04EC0-301F-11D3-BF4B-00C04F79EFBC}") = "ReviewsAPI.Infrastructure", "ReviewsAPI.Infrastructure\ReviewsAPI.Infrastructure.csproj", "{5C4D6998-0DB1-4290-BEBB-F7CB133EF3CB}"
EndProject
Project("{2150E333-8FDC-42A3-9474-1A3956D46DE8}") = "PromotionsMicroservice", "PromotionsMicroservice", "{D6171528-4295-492B-AD7F-3218D2516044}"
EndProject
Project("{FAE04EC0-301F-11D3-BF4B-00C04F79EFBC}") = "PromotionsAPI", "PromotionsAPI\PromotionsAPI.csproj", "{5BDC7D95-564A-4D11-87D1-6BC5D15B45F3}"
EndProject
Project("{FAE04EC0-301F-11D3-BF4B-00C04F79EFBC}") = "PromotionsAPI.ApplicationCore", "PromotionsAPI.ApplicationCore\PromotionsAPI.ApplicationCore.csproj", "{F6EDA351-E7C4-4AF2-A0CB-E386A8B08323}"
EndProject
Project("{FAE04EC0-301F-11D3-BF4B-00C04F79EFBC}") = "PromotionsAPI.Infrastructure", "PromotionsAPI.Infrastructure\PromotionsAPI.Infrastructure.csproj", "{41ABF1AA-8298-4BAF-B0FD-857D741DD97F}"
EndProject
Project("{2150E333-8FDC-42A3-9474-1A3956D46DE8}") = "Solution Items", "Solution Items", "{0858FE75-0A0B-47B4-A64F-3C2966E5643B}"
	ProjectSection(SolutionItems) = preProject
		compose.yaml = compose.yaml
	EndProjectSection
EndProject
Global
	GlobalSection(SolutionConfigurationPlatforms) = preSolution
		Debug|Any CPU = Debug|Any CPU
		Release|Any CPU = Release|Any CPU
	EndGlobalSection
	GlobalSection(NestedProjects) = preSolution
		{A7AF3B53-E53E-4924-B330-E930E897D7F0} = {29B38163-002B-4148-B8C7-8BC45E251256}
		{E5FCD875-C120-4D8C-A182-6A1036B797F8} = {29B38163-002B-4148-B8C7-8BC45E251256}
		{CF998F9E-6D0F-4A10-B475-CA5A3145041D} = {29B38163-002B-4148-B8C7-8BC45E251256}
		{2A8C74DC-4696-4CEB-BCC3-7869A52620FE} = {08AE6C77-03E3-4813-8E23-3ED742BEFEED}
		{5650CFD2-C03A-4A2C-836C-4A623850053C} = {08AE6C77-03E3-4813-8E23-3ED742BEFEED}
		{D002A6FA-9FAC-4B3F-A6C5-09E6AF612DC7} = {08AE6C77-03E3-4813-8E23-3ED742BEFEED}
		{85015685-B341-4B4A-847C-862EEDDE12ED} = {E0F6DE17-7CBF-4FF1-A927-F355A47B692B}
		{9D6EA356-4ACB-4141-91F6-8F5E0EA34DDD} = {E0F6DE17-7CBF-4FF1-A927-F355A47B692B}
		{FD6CD5D0-CD69-472F-8C50-81229E68BA6C} = {E0F6DE17-7CBF-4FF1-A927-F355A47B692B}
		{DE027F3D-5847-4CED-9588-1D9D8F7B2026} = {1BF5A5CF-63CE-4B57-9A70-557130FFD27A}
		{93E73EF8-95FB-455B-A747-EEC252A328AD} = {1BF5A5CF-63CE-4B57-9A70-557130FFD27A}
		{5C4D6998-0DB1-4290-BEBB-F7CB133EF3CB} = {1BF5A5CF-63CE-4B57-9A70-557130FFD27A}
		{5BDC7D95-564A-4D11-87D1-6BC5D15B45F3} = {D6171528-4295-492B-AD7F-3218D2516044}
		{F6EDA351-E7C4-4AF2-A0CB-E386A8B08323} = {D6171528-4295-492B-AD7F-3218D2516044}
		{41ABF1AA-8298-4BAF-B0FD-857D741DD97F} = {D6171528-4295-492B-AD7F-3218D2516044}
	EndGlobalSection
	GlobalSection(ProjectConfigurationPlatforms) = postSolution
		{A7AF3B53-E53E-4924-B330-E930E897D7F0}.Debug|Any CPU.ActiveCfg = Debug|Any CPU
		{A7AF3B53-E53E-4924-B330-E930E897D7F0}.Debug|Any CPU.Build.0 = Debug|Any CPU
		{A7AF3B53-E53E-4924-B330-E930E897D7F0}.Release|Any CPU.ActiveCfg = Release|Any CPU
		{A7AF3B53-E53E-4924-B330-E930E897D7F0}.Release|Any CPU.Build.0 = Release|Any CPU
		{E5FCD875-C120-4D8C-A182-6A1036B797F8}.Debug|Any CPU.ActiveCfg = Debug|Any CPU
		{E5FCD875-C120-4D8C-A182-6A1036B797F8}.Debug|Any CPU.Build.0 = Debug|Any CPU
		{E5FCD875-C120-4D8C-A182-6A1036B797F8}.Release|Any CPU.ActiveCfg = Release|Any CPU
		{E5FCD875-C120-4D8C-A182-6A1036B797F8}.Release|Any CPU.Build.0 = Release|Any CPU
		{CF998F9E-6D0F-4A10-B475-CA5A3145041D}.Debug|Any CPU.ActiveCfg = Debug|Any CPU
		{CF998F9E-6D0F-4A10-B475-CA5A3145041D}.Debug|Any CPU.Build.0 = Debug|Any CPU
		{CF998F9E-6D0F-4A10-B475-CA5A3145041D}.Release|Any CPU.ActiveCfg = Release|Any CPU
		{CF998F9E-6D0F-4A10-B475-CA5A3145041D}.Release|Any CPU.Build.0 = Release|Any CPU
		{2A8C74DC-4696-4CEB-BCC3-7869A52620FE}.Debug|Any CPU.ActiveCfg = Debug|Any CPU
		{2A8C74DC-4696-4CEB-BCC3-7869A52620FE}.Debug|Any CPU.Build.0 = Debug|Any CPU
		{2A8C74DC-4696-4CEB-BCC3-7869A52620FE}.Release|Any CPU.ActiveCfg = Release|Any CPU
		{2A8C74DC-4696-4CEB-BCC3-7869A52620FE}.Release|Any CPU.Build.0 = Release|Any CPU
		{5650CFD2-C03A-4A2C-836C-4A623850053C}.Debug|Any CPU.ActiveCfg = Debug|Any CPU
		{5650CFD2-C03A-4A2C-836C-4A623850053C}.Debug|Any CPU.Build.0 = Debug|Any CPU
		{5650CFD2-C03A-4A2C-836C-4A623850053C}.Release|Any CPU.ActiveCfg = Release|Any CPU
		{5650CFD2-C03A-4A2C-836C-4A623850053C}.Release|Any CPU.Build.0 = Release|Any CPU
		{D002A6FA-9FAC-4B3F-A6C5-09E6AF612DC7}.Debug|Any CPU.ActiveCfg = Debug|Any CPU
		{D002A6FA-9FAC-4B3F-A6C5-09E6AF612DC7}.Debug|Any CPU.Build.0 = Debug|Any CPU
		{D002A6FA-9FAC-4B3F-A6C5-09E6AF612DC7}.Release|Any CPU.ActiveCfg = Release|Any CPU
		{D002A6FA-9FAC-4B3F-A6C5-09E6AF612DC7}.Release|Any CPU.Build.0 = Release|Any CPU
		{85015685-B341-4B4A-847C-862EEDDE12ED}.Debug|Any CPU.ActiveCfg = Debug|Any CPU
		{85015685-B341-4B4A-847C-862EEDDE12ED}.Debug|Any CPU.Build.0 = Debug|Any CPU
		{85015685-B341-4B4A-847C-862EEDDE12ED}.Release|Any CPU.ActiveCfg = Release|Any CPU
		{85015685-B341-4B4A-847C-862EEDDE12ED}.Release|Any CPU.Build.0 = Release|Any CPU
		{9D6EA356-4ACB-4141-91F6-8F5E0EA34DDD}.Debug|Any CPU.ActiveCfg = Debug|Any CPU
		{9D6EA356-4ACB-4141-91F6-8F5E0EA34DDD}.Debug|Any CPU.Build.0 = Debug|Any CPU
		{9D6EA356-4ACB-4141-91F6-8F5E0EA34DDD}.Release|Any CPU.ActiveCfg = Release|Any CPU
		{9D6EA356-4ACB-4141-91F6-8F5E0EA34DDD}.Release|Any CPU.Build.0 = Release|Any CPU
		{FD6CD5D0-CD69-472F-8C50-81229E68BA6C}.Debug|Any CPU.ActiveCfg = Debug|Any CPU
		{FD6CD5D0-CD69-472F-8C50-81229E68BA6C}.Debug|Any CPU.Build.0 = Debug|Any CPU
		{FD6CD5D0-CD69-472F-8C50-81229E68BA6C}.Release|Any CPU.ActiveCfg = Release|Any CPU
		{FD6CD5D0-CD69-472F-8C50-81229E68BA6C}.Release|Any CPU.Build.0 = Release|Any CPU
		{DE027F3D-5847-4CED-9588-1D9D8F7B2026}.Debug|Any CPU.ActiveCfg = Debug|Any CPU
		{DE027F3D-5847-4CED-9588-1D9D8F7B2026}.Debug|Any CPU.Build.0 = Debug|Any CPU
		{DE027F3D-5847-4CED-9588-1D9D8F7B2026}.Release|Any CPU.ActiveCfg = Release|Any CPU
		{DE027F3D-5847-4CED-9588-1D9D8F7B2026}.Release|Any CPU.Build.0 = Release|Any CPU
		{93E73EF8-95FB-455B-A747-EEC252A328AD}.Debug|Any CPU.ActiveCfg = Debug|Any CPU
		{93E73EF8-95FB-455B-A747-EEC252A328AD}.Debug|Any CPU.Build.0 = Debug|Any CPU
		{93E73EF8-95FB-455B-A747-EEC252A328AD}.Release|Any CPU.ActiveCfg = Release|Any CPU
		{93E73EF8-95FB-455B-A747-EEC252A328AD}.Release|Any CPU.Build.0 = Release|Any CPU
		{5C4D6998-0DB1-4290-BEBB-F7CB133EF3CB}.Debug|Any CPU.ActiveCfg = Debug|Any CPU
		{5C4D6998-0DB1-4290-BEBB-F7CB133EF3CB}.Debug|Any CPU.Build.0 = Debug|Any CPU
		{5C4D6998-0DB1-4290-BEBB-F7CB133EF3CB}.Release|Any CPU.ActiveCfg = Release|Any CPU
		{5C4D6998-0DB1-4290-BEBB-F7CB133EF3CB}.Release|Any CPU.Build.0 = Release|Any CPU
		{5BDC7D95-564A-4D11-87D1-6BC5D15B45F3}.Debug|Any CPU.ActiveCfg = Debug|Any CPU
		{5BDC7D95-564A-4D11-87D1-6BC5D15B45F3}.Debug|Any CPU.Build.0 = Debug|Any CPU
		{5BDC7D95-564A-4D11-87D1-6BC5D15B45F3}.Release|Any CPU.ActiveCfg = Release|Any CPU
		{5BDC7D95-564A-4D11-87D1-6BC5D15B45F3}.Release|Any CPU.Build.0 = Release|Any CPU
		{F6EDA351-E7C4-4AF2-A0CB-E386A8B08323}.Debug|Any CPU.ActiveCfg = Debug|Any CPU
		{F6EDA351-E7C4-4AF2-A0CB-E386A8B08323}.Debug|Any CPU.Build.0 = Debug|Any CPU
		{F6EDA351-E7C4-4AF2-A0CB-E386A8B08323}.Release|Any CPU.ActiveCfg = Release|Any CPU
		{F6EDA351-E7C4-4AF2-A0CB-E386A8B08323}.Release|Any CPU.Build.0 = Release|Any CPU
		{41ABF1AA-8298-4BAF-B0FD-857D741DD97F}.Debug|Any CPU.ActiveCfg = Debug|Any CPU
		{41ABF1AA-8298-4BAF-B0FD-857D741DD97F}.Debug|Any CPU.Build.0 = Debug|Any CPU
		{41ABF1AA-8298-4BAF-B0FD-857D741DD97F}.Release|Any CPU.ActiveCfg = Release|Any CPU
		{41ABF1AA-8298-4BAF-B0FD-857D741DD97F}.Release|Any CPU.Build.0 = Release|Any CPU
	EndGlobalSection
EndGlobal
